
Microsoft Visual Studio Solution File, Format Version 12.00
# Visual Studio Version 17
VisualStudioVersion = 17.13.35825.156 d17.13
MinimumVisualStudioVersion = 10.0.40219.1
Project("{FAE04EC0-301F-11D3-BF4B-00C04F79EFBC}") = "testApp", "testApp\testApp.csproj", "{6E58A647-C30B-4AC7-BC7A-CC9AEC2B363F}"
EndProject
Global
	GlobalSection(SolutionConfigurationPlatforms) = preSolution
		Debug|Any CPU = Debug|Any CPU
		Release|Any CPU = Release|Any CPU
	EndGlobalSection
	GlobalSection(ProjectConfigurationPlatforms) = postSolution
		{6E58A647-C30B-4AC7-BC7A-CC9AEC2B363F}.Debug|Any CPU.ActiveCfg = Debug|Any CPU
		{6E58A647-C30B-4AC7-BC7A-CC9AEC2B363F}.Debug|Any CPU.Build.0 = Debug|Any CPU
		{6E58A647-C30B-4AC7-BC7A-CC9AEC2B363F}.Release|Any CPU.ActiveCfg = Release|Any CPU
		{6E58A647-C30B-4AC7-BC7A-CC9AEC2B363F}.Release|Any CPU.Build.0 = Release|Any CPU
	EndGlobalSection
	GlobalSection(SolutionProperties) = preSolution
		HideSolutionNode = FALSE
	EndGlobalSection
	GlobalSection(ExtensibilityGlobals) = postSolution
		SolutionGuid = {1C9B0FCE-B53E-4B7E-99F9-953C2BF447D4}
	EndGlobalSection
EndGlobal
